
Microsoft Visual Studio Solution File, Format Version 12.00
# Visual Studio 2015
Project("{FAE04EC0-301F-11D3-BF4B-00C04F79EFBC}") = "ToolKitTry", "ToolKitTry.csproj", "{CF2A07A7-7A72-2151-71CC-0FE9ED47CB69}"
EndProject
Project("{FAE04EC0-301F-11D3-BF4B-00C04F79EFBC}") = "ToolKitTry.Editor", "ToolKitTry.Editor.csproj", "{315C85B6-2FB7-8061-197C-42ACD9D5CB9A}"
EndProject
Global
	GlobalSection(SolutionConfigurationPlatforms) = preSolution
		Debug|Any CPU = Debug|Any CPU
		Release|Any CPU = Release|Any CPU
	EndGlobalSection
	GlobalSection(ProjectConfigurationPlatforms) = postSolution
		{CF2A07A7-7A72-2151-71CC-0FE9ED47CB69}.Debug|Any CPU.ActiveCfg = Debug|Any CPU
		{CF2A07A7-7A72-2151-71CC-0FE9ED47CB69}.Debug|Any CPU.Build.0 = Debug|Any CPU
		{CF2A07A7-7A72-2151-71CC-0FE9ED47CB69}.Release|Any CPU.ActiveCfg = Release|Any CPU
		{CF2A07A7-7A72-2151-71CC-0FE9ED47CB69}.Release|Any CPU.Build.0 = Release|Any CPU
		{315C85B6-2FB7-8061-197C-42ACD9D5CB9A}.Debug|Any CPU.ActiveCfg = Debug|Any CPU
		{315C85B6-2FB7-8061-197C-42ACD9D5CB9A}.Debug|Any CPU.Build.0 = Debug|Any CPU
		{315C85B6-2FB7-8061-197C-42ACD9D5CB9A}.Release|Any CPU.ActiveCfg = Release|Any CPU
		{315C85B6-2FB7-8061-197C-42ACD9D5CB9A}.Release|Any CPU.Build.0 = Release|Any CPU
	EndGlobalSection
	GlobalSection(SolutionProperties) = preSolution
		HideSolutionNode = FALSE
	EndGlobalSection
EndGlobal
